
Microsoft Visual Studio Solution File, Format Version 12.00
# Visual Studio Version 17
VisualStudioVersion = 17.0.31903.59
MinimumVisualStudioVersion = 10.0.40219.1
Project("{2150E333-8FDC-42A3-9474-1A3956D46DE8}") = "src", "src", "{CCCF34E4-0FE0-4E4F-BE8F-05192C2F77CC}"
EndProject
Project("{FAE04EC0-301F-11D3-BF4B-00C04F79EFBC}") = "Api", "src\Api\Api.csproj", "{2A24821F-F986-4E19-85FD-3D33B9AB6851}"
EndProject
Project("{2150E333-8FDC-42A3-9474-1A3956D46DE8}") = "Modules", "Modules", "{DF5D3395-4749-423B-8639-6EDAFBD80F7E}"
EndProject
Project("{2150E333-8FDC-42A3-9474-1A3956D46DE8}") = "UserAccess", "UserAccess", "{FFBC0BD7-E17A-49B4-91C4-2A596358FD6B}"
EndProject
Project("{FAE04EC0-301F-11D3-BF4B-00C04F79EFBC}") = "UserAccess.Domain", "src\Modules\UserAccess\UserAccess.Domain\UserAccess.Domain.csproj", "{3570A4A3-639F-43C5-BFEE-D59A99CD9CFF}"
EndProject
Project("{FAE04EC0-301F-11D3-BF4B-00C04F79EFBC}") = "UserAccess.Application", "src\Modules\UserAccess\UserAccess.Application\UserAccess.Application.csproj", "{A78D9E8B-33DC-42F0-8D2C-2B7DEE1EBD38}"
EndProject
Project("{FAE04EC0-301F-11D3-BF4B-00C04F79EFBC}") = "UserAccess.Infrastructure", "src\Modules\UserAccess\UserAccess.Infrastructure\UserAccess.Infrastructure.csproj", "{DE2AB5BE-A6E5-4F68-874F-8D4DE7611B5F}"
EndProject
Project("{2150E333-8FDC-42A3-9474-1A3956D46DE8}") = "Listings", "Listings", "{BD1C1976-5678-4250-B367-6CE810B810D3}"
EndProject
Project("{FAE04EC0-301F-11D3-BF4B-00C04F79EFBC}") = "Listings.Domain", "src\Modules\Listings\Listings.Domain\Listings.Domain.csproj", "{4D907717-A4AE-4DB4-A039-154A99748AB5}"
EndProject
Project("{FAE04EC0-301F-11D3-BF4B-00C04F79EFBC}") = "Listings.Application", "src\Modules\Listings\Listings.Application\Listings.Application.csproj", "{EBF4DBF3-FA6A-41D8-A476-87DA498CD36C}"
EndProject
Project("{FAE04EC0-301F-11D3-BF4B-00C04F79EFBC}") = "Listings.Infrastructure", "src\Modules\Listings\Listings.Infrastructure\Listings.Infrastructure.csproj", "{4CEE1D47-50BF-4193-9BF9-AC5E13902A21}"
EndProject
Project("{2150E333-8FDC-42A3-9474-1A3956D46DE8}") = "Rentals", "Rentals", "{EA85DB36-7446-49AA-83E5-4BC3E96039E9}"
EndProject
Project("{FAE04EC0-301F-11D3-BF4B-00C04F79EFBC}") = "Rentals.Domain", "src\Modules\Rentals\Rentals.Domain\Rentals.Domain.csproj", "{8DF47690-E92D-4EC0-AD8E-20E45C4F4236}"
EndProject
Project("{FAE04EC0-301F-11D3-BF4B-00C04F79EFBC}") = "Rentals.Application", "src\Modules\Rentals\Rentals.Application\Rentals.Application.csproj", "{14836234-24B0-410C-B421-28E10A26A989}"
EndProject
Project("{FAE04EC0-301F-11D3-BF4B-00C04F79EFBC}") = "Rentals.Infrastructure", "src\Modules\Rentals\Rentals.Infrastructure\Rentals.Infrastructure.csproj", "{7F0D2D24-61FF-4626-861A-D37B28E3FB50}"
EndProject
Project("{2150E333-8FDC-42A3-9474-1A3956D46DE8}") = "Payments", "Payments", "{226D9B33-FC47-4E81-8CF5-D722533ED816}"
EndProject
Project("{FAE04EC0-301F-11D3-BF4B-00C04F79EFBC}") = "Payments.Domain", "src\Modules\Payments\Payments.Domain\Payments.Domain.csproj", "{2FB709B8-589C-4488-8BAC-DB0E9800211A}"
EndProject
Project("{FAE04EC0-301F-11D3-BF4B-00C04F79EFBC}") = "Payments.Application", "src\Modules\Payments\Payments.Application\Payments.Application.csproj", "{A49DC080-80CB-4CED-B8FC-EC5BEED98763}"
EndProject
Project("{FAE04EC0-301F-11D3-BF4B-00C04F79EFBC}") = "Payments.Infrastructure", "src\Modules\Payments\Payments.Infrastructure\Payments.Infrastructure.csproj", "{1C487E07-2FAA-49F2-BA41-F4698ABB2089}"
EndProject
Project("{2150E333-8FDC-42A3-9474-1A3956D46DE8}") = "tests", "tests", "{424BD675-8CC1-491B-AA89-D10016EA5C9D}"
EndProject
Project("{FAE04EC0-301F-11D3-BF4B-00C04F79EFBC}") = "UnitTests", "tests\UnitTests\UnitTests.csproj", "{9D0C88F9-BA57-42CB-86AE-4656CB7027DE}"
EndProject
Global
	GlobalSection(SolutionConfigurationPlatforms) = preSolution
		Debug|Any CPU = Debug|Any CPU
		Release|Any CPU = Release|Any CPU
	EndGlobalSection
	GlobalSection(SolutionProperties) = preSolution
		HideSolutionNode = FALSE
	EndGlobalSection
	GlobalSection(ProjectConfigurationPlatforms) = postSolution
		{2A24821F-F986-4E19-85FD-3D33B9AB6851}.Debug|Any CPU.ActiveCfg = Debug|Any CPU
		{2A24821F-F986-4E19-85FD-3D33B9AB6851}.Debug|Any CPU.Build.0 = Debug|Any CPU
		{2A24821F-F986-4E19-85FD-3D33B9AB6851}.Release|Any CPU.ActiveCfg = Release|Any CPU
		{2A24821F-F986-4E19-85FD-3D33B9AB6851}.Release|Any CPU.Build.0 = Release|Any CPU
		{3570A4A3-639F-43C5-BFEE-D59A99CD9CFF}.Debug|Any CPU.ActiveCfg = Debug|Any CPU
		{3570A4A3-639F-43C5-BFEE-D59A99CD9CFF}.Debug|Any CPU.Build.0 = Debug|Any CPU
		{3570A4A3-639F-43C5-BFEE-D59A99CD9CFF}.Release|Any CPU.ActiveCfg = Release|Any CPU
		{3570A4A3-639F-43C5-BFEE-D59A99CD9CFF}.Release|Any CPU.Build.0 = Release|Any CPU
		{A78D9E8B-33DC-42F0-8D2C-2B7DEE1EBD38}.Debug|Any CPU.ActiveCfg = Debug|Any CPU
		{A78D9E8B-33DC-42F0-8D2C-2B7DEE1EBD38}.Debug|Any CPU.Build.0 = Debug|Any CPU
		{A78D9E8B-33DC-42F0-8D2C-2B7DEE1EBD38}.Release|Any CPU.ActiveCfg = Release|Any CPU
		{A78D9E8B-33DC-42F0-8D2C-2B7DEE1EBD38}.Release|Any CPU.Build.0 = Release|Any CPU
		{DE2AB5BE-A6E5-4F68-874F-8D4DE7611B5F}.Debug|Any CPU.ActiveCfg = Debug|Any CPU
		{DE2AB5BE-A6E5-4F68-874F-8D4DE7611B5F}.Debug|Any CPU.Build.0 = Debug|Any CPU
		{DE2AB5BE-A6E5-4F68-874F-8D4DE7611B5F}.Release|Any CPU.ActiveCfg = Release|Any CPU
		{DE2AB5BE-A6E5-4F68-874F-8D4DE7611B5F}.Release|Any CPU.Build.0 = Release|Any CPU
		{4D907717-A4AE-4DB4-A039-154A99748AB5}.Debug|Any CPU.ActiveCfg = Debug|Any CPU
		{4D907717-A4AE-4DB4-A039-154A99748AB5}.Debug|Any CPU.Build.0 = Debug|Any CPU
		{4D907717-A4AE-4DB4-A039-154A99748AB5}.Release|Any CPU.ActiveCfg = Release|Any CPU
		{4D907717-A4AE-4DB4-A039-154A99748AB5}.Release|Any CPU.Build.0 = Release|Any CPU
		{EBF4DBF3-FA6A-41D8-A476-87DA498CD36C}.Debug|Any CPU.ActiveCfg = Debug|Any CPU
		{EBF4DBF3-FA6A-41D8-A476-87DA498CD36C}.Debug|Any CPU.Build.0 = Debug|Any CPU
		{EBF4DBF3-FA6A-41D8-A476-87DA498CD36C}.Release|Any CPU.ActiveCfg = Release|Any CPU
		{EBF4DBF3-FA6A-41D8-A476-87DA498CD36C}.Release|Any CPU.Build.0 = Release|Any CPU
		{4CEE1D47-50BF-4193-9BF9-AC5E13902A21}.Debug|Any CPU.ActiveCfg = Debug|Any CPU
		{4CEE1D47-50BF-4193-9BF9-AC5E13902A21}.Debug|Any CPU.Build.0 = Debug|Any CPU
		{4CEE1D47-50BF-4193-9BF9-AC5E13902A21}.Release|Any CPU.ActiveCfg = Release|Any CPU
		{4CEE1D47-50BF-4193-9BF9-AC5E13902A21}.Release|Any CPU.Build.0 = Release|Any CPU
		{8DF47690-E92D-4EC0-AD8E-20E45C4F4236}.Debug|Any CPU.ActiveCfg = Debug|Any CPU
		{8DF47690-E92D-4EC0-AD8E-20E45C4F4236}.Debug|Any CPU.Build.0 = Debug|Any CPU
		{8DF47690-E92D-4EC0-AD8E-20E45C4F4236}.Release|Any CPU.ActiveCfg = Release|Any CPU
		{8DF47690-E92D-4EC0-AD8E-20E45C4F4236}.Release|Any CPU.Build.0 = Release|Any CPU
		{14836234-24B0-410C-B421-28E10A26A989}.Debug|Any CPU.ActiveCfg = Debug|Any CPU
		{14836234-24B0-410C-B421-28E10A26A989}.Debug|Any CPU.Build.0 = Debug|Any CPU
		{14836234-24B0-410C-B421-28E10A26A989}.Release|Any CPU.ActiveCfg = Release|Any CPU
		{14836234-24B0-410C-B421-28E10A26A989}.Release|Any CPU.Build.0 = Release|Any CPU
		{7F0D2D24-61FF-4626-861A-D37B28E3FB50}.Debug|Any CPU.ActiveCfg = Debug|Any CPU
		{7F0D2D24-61FF-4626-861A-D37B28E3FB50}.Debug|Any CPU.Build.0 = Debug|Any CPU
		{7F0D2D24-61FF-4626-861A-D37B28E3FB50}.Release|Any CPU.ActiveCfg = Release|Any CPU
		{7F0D2D24-61FF-4626-861A-D37B28E3FB50}.Release|Any CPU.Build.0 = Release|Any CPU
		{2FB709B8-589C-4488-8BAC-DB0E9800211A}.Debug|Any CPU.ActiveCfg = Debug|Any CPU
		{2FB709B8-589C-4488-8BAC-DB0E9800211A}.Debug|Any CPU.Build.0 = Debug|Any CPU
		{2FB709B8-589C-4488-8BAC-DB0E9800211A}.Release|Any CPU.ActiveCfg = Release|Any CPU
		{2FB709B8-589C-4488-8BAC-DB0E9800211A}.Release|Any CPU.Build.0 = Release|Any CPU
		{A49DC080-80CB-4CED-B8FC-EC5BEED98763}.Debug|Any CPU.ActiveCfg = Debug|Any CPU
		{A49DC080-80CB-4CED-B8FC-EC5BEED98763}.Debug|Any CPU.Build.0 = Debug|Any CPU
		{A49DC080-80CB-4CED-B8FC-EC5BEED98763}.Release|Any CPU.ActiveCfg = Release|Any CPU
		{A49DC080-80CB-4CED-B8FC-EC5BEED98763}.Release|Any CPU.Build.0 = Release|Any CPU
		{1C487E07-2FAA-49F2-BA41-F4698ABB2089}.Debug|Any CPU.ActiveCfg = Debug|Any CPU
		{1C487E07-2FAA-49F2-BA41-F4698ABB2089}.Debug|Any CPU.Build.0 = Debug|Any CPU
		{1C487E07-2FAA-49F2-BA41-F4698ABB2089}.Release|Any CPU.ActiveCfg = Release|Any CPU
		{1C487E07-2FAA-49F2-BA41-F4698ABB2089}.Release|Any CPU.Build.0 = Release|Any CPU
		{9D0C88F9-BA57-42CB-86AE-4656CB7027DE}.Debug|Any CPU.ActiveCfg = Debug|Any CPU
		{9D0C88F9-BA57-42CB-86AE-4656CB7027DE}.Debug|Any CPU.Build.0 = Debug|Any CPU
		{9D0C88F9-BA57-42CB-86AE-4656CB7027DE}.Release|Any CPU.ActiveCfg = Release|Any CPU
		{9D0C88F9-BA57-42CB-86AE-4656CB7027DE}.Release|Any CPU.Build.0 = Release|Any CPU
	EndGlobalSection
	GlobalSection(NestedProjects) = preSolution
		{2A24821F-F986-4E19-85FD-3D33B9AB6851} = {CCCF34E4-0FE0-4E4F-BE8F-05192C2F77CC}
		{DF5D3395-4749-423B-8639-6EDAFBD80F7E} = {CCCF34E4-0FE0-4E4F-BE8F-05192C2F77CC}
		{FFBC0BD7-E17A-49B4-91C4-2A596358FD6B} = {DF5D3395-4749-423B-8639-6EDAFBD80F7E}
		{3570A4A3-639F-43C5-BFEE-D59A99CD9CFF} = {FFBC0BD7-E17A-49B4-91C4-2A596358FD6B}
		{A78D9E8B-33DC-42F0-8D2C-2B7DEE1EBD38} = {FFBC0BD7-E17A-49B4-91C4-2A596358FD6B}
		{DE2AB5BE-A6E5-4F68-874F-8D4DE7611B5F} = {FFBC0BD7-E17A-49B4-91C4-2A596358FD6B}
		{BD1C1976-5678-4250-B367-6CE810B810D3} = {DF5D3395-4749-423B-8639-6EDAFBD80F7E}
		{4D907717-A4AE-4DB4-A039-154A99748AB5} = {BD1C1976-5678-4250-B367-6CE810B810D3}
		{EBF4DBF3-FA6A-41D8-A476-87DA498CD36C} = {BD1C1976-5678-4250-B367-6CE810B810D3}
		{4CEE1D47-50BF-4193-9BF9-AC5E13902A21} = {BD1C1976-5678-4250-B367-6CE810B810D3}
		{EA85DB36-7446-49AA-83E5-4BC3E96039E9} = {DF5D3395-4749-423B-8639-6EDAFBD80F7E}
		{8DF47690-E92D-4EC0-AD8E-20E45C4F4236} = {EA85DB36-7446-49AA-83E5-4BC3E96039E9}
		{14836234-24B0-410C-B421-28E10A26A989} = {EA85DB36-7446-49AA-83E5-4BC3E96039E9}
		{7F0D2D24-61FF-4626-861A-D37B28E3FB50} = {EA85DB36-7446-49AA-83E5-4BC3E96039E9}
		{226D9B33-FC47-4E81-8CF5-D722533ED816} = {DF5D3395-4749-423B-8639-6EDAFBD80F7E}
		{2FB709B8-589C-4488-8BAC-DB0E9800211A} = {226D9B33-FC47-4E81-8CF5-D722533ED816}
		{A49DC080-80CB-4CED-B8FC-EC5BEED98763} = {226D9B33-FC47-4E81-8CF5-D722533ED816}
		{1C487E07-2FAA-49F2-BA41-F4698ABB2089} = {226D9B33-FC47-4E81-8CF5-D722533ED816}
		{9D0C88F9-BA57-42CB-86AE-4656CB7027DE} = {424BD675-8CC1-491B-AA89-D10016EA5C9D}
	EndGlobalSection
EndGlobal
